// !$*UTF8*$!
{
	archiveVersion = 1;
	classes = {
	};
	objectVersion = 46;
	objects = {

/* Begin PBXBuildFile section */
		5745F3951A83261000830D18 /* AppDelegate.swift in Sources */ = {isa = PBXBuildFile; fileRef = 5745F3941A83261000830D18 /* AppDelegate.swift */; };
		5745F3971A83261000830D18 /* WeatherController.swift in Sources */ = {isa = PBXBuildFile; fileRef = 5745F3961A83261000830D18 /* WeatherController.swift */; };
		5745F39A1A83261000830D18 /* Main.storyboard in Resources */ = {isa = PBXBuildFile; fileRef = 5745F3981A83261000830D18 /* Main.storyboard */; };
		5745F39C1A83261000830D18 /* Images.xcassets in Resources */ = {isa = PBXBuildFile; fileRef = 5745F39B1A83261000830D18 /* Images.xcassets */; };
		5745F39F1A83261000830D18 /* LaunchScreen.xib in Resources */ = {isa = PBXBuildFile; fileRef = 5745F39D1A83261000830D18 /* LaunchScreen.xib */; };
		5745F3AB1A83261000830D18 /* StormyTests.swift in Sources */ = {isa = PBXBuildFile; fileRef = 5745F3AA1A83261000830D18 /* StormyTests.swift */; };
		5745F3B51A83568600830D18 /* Current.swift in Sources */ = {isa = PBXBuildFile; fileRef = 5745F3B41A83568600830D18 /* Current.swift */; };
/* End PBXBuildFile section */

/* Begin PBXContainerItemProxy section */
		5745F3A51A83261000830D18 /* PBXContainerItemProxy */ = {
			isa = PBXContainerItemProxy;
			containerPortal = 5745F3871A83261000830D18 /* Project object */;
			proxyType = 1;
			remoteGlobalIDString = 5745F38E1A83261000830D18;
			remoteInfo = Stormy;
		};
/* End PBXContainerItemProxy section */

/* Begin PBXFileReference section */
		5745F38F1A83261000830D18 /* Stormy.app */ = {isa = PBXFileReference; explicitFileType = wrapper.application; includeInIndex = 0; path = Stormy.app; sourceTree = BUILT_PRODUCTS_DIR; };
		5745F3931A83261000830D18 /* Info.plist */ = {isa = PBXFileReference; lastKnownFileType = text.plist.xml; path = Info.plist; sourceTree = "<group>"; };
		5745F3941A83261000830D18 /* AppDelegate.swift */ = {isa = PBXFileReference; lastKnownFileType = sourcecode.swift; path = AppDelegate.swift; sourceTree = "<group>"; };
		5745F3961A83261000830D18 /* WeatherController.swift */ = {isa = PBXFileReference; lastKnownFileType = sourcecode.swift; path = WeatherController.swift; sourceTree = "<group>"; };
		5745F3991A83261000830D18 /* Base */ = {isa = PBXFileReference; lastKnownFileType = file.storyboard; name = Base; path = Base.lproj/Main.storyboard; sourceTree = "<group>"; };
		5745F39B1A83261000830D18 /* Images.xcassets */ = {isa = PBXFileReference; lastKnownFileType = folder.assetcatalog; path = Images.xcassets; sourceTree = "<group>"; };
		5745F39E1A83261000830D18 /* Base */ = {isa = PBXFileReference; lastKnownFileType = file.xib; name = Base; path = Base.lproj/LaunchScreen.xib; sourceTree = "<group>"; };
		5745F3A41A83261000830D18 /* StormyTests.xctest */ = {isa = PBXFileReference; explicitFileType = wrapper.cfbundle; includeInIndex = 0; path = StormyTests.xctest; sourceTree = BUILT_PRODUCTS_DIR; };
		5745F3A91A83261000830D18 /* Info.plist */ = {isa = PBXFileReference; lastKnownFileType = text.plist.xml; path = Info.plist; sourceTree = "<group>"; };
		5745F3AA1A83261000830D18 /* StormyTests.swift */ = {isa = PBXFileReference; lastKnownFileType = sourcecode.swift; path = StormyTests.swift; sourceTree = "<group>"; };
		5745F3B41A83568600830D18 /* Current.swift */ = {isa = PBXFileReference; fileEncoding = 4; lastKnownFileType = sourcecode.swift; path = Current.swift; sourceTree = "<group>"; };
/* End PBXFileReference section */

/* Begin PBXFrameworksBuildPhase section */
		5745F38C1A83261000830D18 /* Frameworks */ = {
			isa = PBXFrameworksBuildPhase;
			buildActionMask = 2147483647;
			files = (
			);
			runOnlyForDeploymentPostprocessing = 0;
		};
		5745F3A11A83261000830D18 /* Frameworks */ = {
			isa = PBXFrameworksBuildPhase;
			buildActionMask = 2147483647;
			files = (
			);
			runOnlyForDeploymentPostprocessing = 0;
		};
/* End PBXFrameworksBuildPhase section */

/* Begin PBXGroup section */
		5745F3861A83261000830D18 = {
			isa = PBXGroup;
			children = (
				5745F3911A83261000830D18 /* Stormy */,
				5745F3A71A83261000830D18 /* StormyTests */,
				5745F3901A83261000830D18 /* Products */,
			);
			sourceTree = "<group>";
		};
		5745F3901A83261000830D18 /* Products */ = {
			isa = PBXGroup;
			children = (
				5745F38F1A83261000830D18 /* Stormy.app */,
				5745F3A41A83261000830D18 /* StormyTests.xctest */,
			);
			name = Products;
			sourceTree = "<group>";
		};
		5745F3911A83261000830D18 /* Stormy */ = {
			isa = PBXGroup;
			children = (
				5745F3B41A83568600830D18 /* Current.swift */,
				5745F3941A83261000830D18 /* AppDelegate.swift */,
				5745F3961A83261000830D18 /* WeatherController.swift */,
				5745F3981A83261000830D18 /* Main.storyboard */,
				5745F39B1A83261000830D18 /* Images.xcassets */,
				5745F39D1A83261000830D18 /* LaunchScreen.xib */,
				5745F3921A83261000830D18 /* Supporting Files */,
			);
			path = Stormy;
			sourceTree = "<group>";
		};
		5745F3921A83261000830D18 /* Supporting Files */ = {
			isa = PBXGroup;
			children = (
				5745F3931A83261000830D18 /* Info.plist */,
			);
			name = "Supporting Files";
			sourceTree = "<group>";
		};
		5745F3A71A83261000830D18 /* StormyTests */ = {
			isa = PBXGroup;
			children = (
				5745F3AA1A83261000830D18 /* StormyTests.swift */,
				5745F3A81A83261000830D18 /* Supporting Files */,
			);
			path = StormyTests;
			sourceTree = "<group>";
		};
		5745F3A81A83261000830D18 /* Supporting Files */ = {
			isa = PBXGroup;
			children = (
				5745F3A91A83261000830D18 /* Info.plist */,
			);
			name = "Supporting Files";
			sourceTree = "<group>";
		};
/* End PBXGroup section */

/* Begin PBXNativeTarget section */
		5745F38E1A83261000830D18 /* Stormy */ = {
			isa = PBXNativeTarget;
			buildConfigurationList = 5745F3AE1A83261000830D18 /* Build configuration list for PBXNativeTarget "Stormy" */;
			buildPhases = (
				5745F38B1A83261000830D18 /* Sources */,
				5745F38C1A83261000830D18 /* Frameworks */,
				5745F38D1A83261000830D18 /* Resources */,
			);
			buildRules = (
			);
			dependencies = (
			);
			name = Stormy;
			productName = Stormy;
			productReference = 5745F38F1A83261000830D18 /* Stormy.app */;
			productType = "com.apple.product-type.application";
		};
		5745F3A31A83261000830D18 /* StormyTests */ = {
			isa = PBXNativeTarget;
			buildConfigurationList = 5745F3B11A83261000830D18 /* Build configuration list for PBXNativeTarget "StormyTests" */;
			buildPhases = (
				5745F3A01A83261000830D18 /* Sources */,
				5745F3A11A83261000830D18 /* Frameworks */,
				5745F3A21A83261000830D18 /* Resources */,
			);
			buildRules = (
			);
			dependencies = (
				5745F3A61A83261000830D18 /* PBXTargetDependency */,
			);
			name = StormyTests;
			productName = StormyTests;
			productReference = 5745F3A41A83261000830D18 /* StormyTests.xctest */;
			productType = "com.apple.product-type.bundle.unit-test";
		};
/* End PBXNativeTarget section */

/* Begin PBXProject section */
		5745F3871A83261000830D18 /* Project object */ = {
			isa = PBXProject;
			attributes = {
				LastUpgradeCheck = 0610;
				ORGANIZATIONNAME = Foxted;
				TargetAttributes = {
					5745F38E1A83261000830D18 = {
						CreatedOnToolsVersion = 6.1.1;
					};
					5745F3A31A83261000830D18 = {
						CreatedOnToolsVersion = 6.1.1;
						TestTargetID = 5745F38E1A83261000830D18;
					};
				};
			};
			buildConfigurationList = 5745F38A1A83261000830D18 /* Build configuration list for PBXProject "Stormy" */;
			compatibilityVersion = "Xcode 3.2";
			developmentRegion = English;
			hasScannedForEncodings = 0;
			knownRegions = (
				en,
				Base,
			);
			mainGroup = 5745F3861A83261000830D18;
			productRefGroup = 5745F3901A83261000830D18 /* Products */;
			projectDirPath = "";
			projectRoot = "";
			targets = (
				5745F38E1A83261000830D18 /* Stormy */,
				5745F3A31A83261000830D18 /* StormyTests */,
			);
		};
/* End PBXProject section */

/* Begin PBXResourcesBuildPhase section */
		5745F38D1A83261000830D18 /* Resources */ = {
			isa = PBXResourcesBuildPhase;
			buildActionMask = 2147483647;
			files = (
				5745F39A1A83261000830D18 /* Main.storyboard in Resources */,
				5745F39F1A83261000830D18 /* LaunchScreen.xib in Resources */,
				5745F39C1A83261000830D18 /* Images.xcassets in Resources */,
			);
			runOnlyForDeploymentPostprocessing = 0;
		};
		5745F3A21A83261000830D18 /* Resources */ = {
			isa = PBXResourcesBuildPhase;
			buildActionMask = 2147483647;
			files = (
			);
			runOnlyForDeploymentPostprocessing = 0;
		};
/* End PBXResourcesBuildPhase section */

/* Begin PBXSourcesBuildPhase section */
		5745F38B1A83261000830D18 /* Sources */ = {
			isa = PBXSourcesBuildPhase;
			buildActionMask = 2147483647;
			files = (
				5745F3B51A83568600830D18 /* Current.swift in Sources */,
				5745F3971A83261000830D18 /* WeatherController.swift in Sources */,
				5745F3951A83261000830D18 /* AppDelegate.swift in Sources */,
			);
			runOnlyForDeploymentPostprocessing = 0;
		};
		5745F3A01A83261000830D18 /* Sources */ = {
			isa = PBXSourcesBuildPhase;
			buildActionMask = 2147483647;
			files = (
				5745F3AB1A83261000830D18 /* StormyTests.swift in Sources */,
			);
			runOnlyForDeploymentPostprocessing = 0;
		};
/* End PBXSourcesBuildPhase section */

/* Begin PBXTargetDependency section */
		5745F3A61A83261000830D18 /* PBXTargetDependency */ = {
			isa = PBXTargetDependency;
			target = 5745F38E1A83261000830D18 /* Stormy */;
			targetProxy = 5745F3A51A83261000830D18 /* PBXContainerItemProxy */;
		};
/* End PBXTargetDependency section */

/* Begin PBXVariantGroup section */
		5745F3981A83261000830D18 /* Main.storyboard */ = {
			isa = PBXVariantGroup;
			children = (
				5745F3991A83261000830D18 /* Base */,
			);
			name = Main.storyboard;
			sourceTree = "<group>";
		};
		5745F39D1A83261000830D18 /* LaunchScreen.xib */ = {
			isa = PBXVariantGroup;
			children = (
				5745F39E1A83261000830D18 /* Base */,
			);
			name = LaunchScreen.xib;
			sourceTree = "<group>";
		};
/* End PBXVariantGroup section */

/* Begin XCBuildConfiguration section */
		5745F3AC1A83261000830D18 /* Debug */ = {
			isa = XCBuildConfiguration;
			buildSettings = {
				ALWAYS_SEARCH_USER_PATHS = NO;
				CLANG_CXX_LANGUAGE_STANDARD = "gnu++0x";
				CLANG_CXX_LIBRARY = "libc++";
				CLANG_ENABLE_MODULES = YES;
				CLANG_ENABLE_OBJC_ARC = YES;
				CLANG_WARN_BOOL_CONVERSION = YES;
				CLANG_WARN_CONSTANT_CONVERSION = YES;
				CLANG_WARN_DIRECT_OBJC_ISA_USAGE = YES_ERROR;
				CLANG_WARN_EMPTY_BODY = YES;
				CLANG_WARN_ENUM_CONVERSION = YES;
				CLANG_WARN_INT_CONVERSION = YES;
				CLANG_WARN_OBJC_ROOT_CLASS = YES_ERROR;
				CLANG_WARN_UNREACHABLE_CODE = YES;
				CLANG_WARN__DUPLICATE_METHOD_MATCH = YES;
				"CODE_SIGN_IDENTITY[sdk=iphoneos*]" = "iPhone Developer";
				COPY_PHASE_STRIP = NO;
				ENABLE_STRICT_OBJC_MSGSEND = YES;
				GCC_C_LANGUAGE_STANDARD = gnu99;
				GCC_DYNAMIC_NO_PIC = NO;
				GCC_OPTIMIZATION_LEVEL = 0;
				GCC_PREPROCESSOR_DEFINITIONS = (
					"DEBUG=1",
					"$(inherited)",
				);
				GCC_SYMBOLS_PRIVATE_EXTERN = NO;
				GCC_WARN_64_TO_32_BIT_CONVERSION = YES;
				GCC_WARN_ABOUT_RETURN_TYPE = YES_ERROR;
				GCC_WARN_UNDECLARED_SELECTOR = YES;
				GCC_WARN_UNINITIALIZED_AUTOS = YES_AGGRESSIVE;
				GCC_WARN_UNUSED_FUNCTION = YES;
				GCC_WARN_UNUSED_VARIABLE = YES;
				IPHONEOS_DEPLOYMENT_TARGET = 8.1;
				MTL_ENABLE_DEBUG_INFO = YES;
				ONLY_ACTIVE_ARCH = YES;
				SDKROOT = iphoneos;
				SWIFT_OPTIMIZATION_LEVEL = "-Onone";
			};
			name = Debug;
		};
		5745F3AD1A83261000830D18 /* Release */ = {
			isa = XCBuildConfiguration;
			buildSettings = {
				ALWAYS_SEARCH_USER_PATHS = NO;
				CLANG_CXX_LANGUAGE_STANDARD = "gnu++0x";
				CLANG_CXX_LIBRARY = "libc++";
				CLANG_ENABLE_MODULES = YES;
				CLANG_ENABLE_OBJC_ARC = YES;
				CLANG_WARN_BOOL_CONVERSION = YES;
				CLANG_WARN_CONSTANT_CONVERSION = YES;
				CLANG_WARN_DIRECT_OBJC_ISA_USAGE = YES_ERROR;
				CLANG_WARN_EMPTY_BODY = YES;
				CLANG_WARN_ENUM_CONVERSION = YES;
				CLANG_WARN_INT_CONVERSION = YES;
				CLANG_WARN_OBJC_ROOT_CLASS = YES_ERROR;
				CLANG_WARN_UNREACHABLE_CODE = YES;
				CLANG_WARN__DUPLICATE_METHOD_MATCH = YES;
				"CODE_SIGN_IDENTITY[sdk=iphoneos*]" = "iPhone Developer";
				COPY_PHASE_STRIP = YES;
				ENABLE_NS_ASSERTIONS = NO;
				ENABLE_STRICT_OBJC_MSGSEND = YES;
				GCC_C_LANGUAGE_STANDARD = gnu99;
				GCC_WARN_64_TO_32_BIT_CONVERSION = YES;
				GCC_WARN_ABOUT_RETURN_TYPE = YES_ERROR;
				GCC_WARN_UNDECLARED_SELECTOR = YES;
				GCC_WARN_UNINITIALIZED_AUTOS = YES_AGGRESSIVE;
				GCC_WARN_UNUSED_FUNCTION = YES;
				GCC_WARN_UNUSED_VARIABLE = YES;
				IPHONEOS_DEPLOYMENT_TARGET = 8.1;
				MTL_ENABLE_DEBUG_INFO = NO;
				SDKROOT = iphoneos;
				VALIDATE_PRODUCT = YES;
			};
			name = Release;
		};
		5745F3AF1A83261000830D18 /* Debug */ = {
			isa = XCBuildConfiguration;
			buildSettings = {
				ASSETCATALOG_COMPILER_APPICON_NAME = AppIcon;
				INFOPLIST_FILE = Stormy/Info.plist;
				LD_RUNPATH_SEARCH_PATHS = "$(inherited) @executable_path/Frameworks";
				PRODUCT_NAME = "$(TARGET_NAME)";
			};
			name = Debug;
		};
		5745F3B01A83261000830D18 /* Release */ = {
			isa = XCBuildConfiguration;
			buildSettings = {
				ASSETCATALOG_COMPILER_APPICON_NAME = AppIcon;
				INFOPLIST_FILE = Stormy/Info.plist;
				LD_RUNPATH_SEARCH_PATHS = "$(inherited) @executable_path/Frameworks";
				PRODUCT_NAME = "$(TARGET_NAME)";
			};
			name = Release;
		};
		5745F3B21A83261000830D18 /* Debug */ = {
			isa = XCBuildConfiguration;
			buildSettings = {
				BUNDLE_LOADER = "$(TEST_HOST)";
				FRAMEWORK_SEARCH_PATHS = (
					"$(SDKROOT)/Developer/Library/Frameworks",
					"$(inherited)",
				);
				GCC_PREPROCESSOR_DEFINITIONS = (
					"DEBUG=1",
					"$(inherited)",
				);
				INFOPLIST_FILE = StormyTests/Info.plist;
				LD_RUNPATH_SEARCH_PATHS = "$(inherited) @executable_path/Frameworks @loader_path/Frameworks";
				PRODUCT_NAME = "$(TARGET_NAME)";
				TEST_HOST = "$(BUILT_PRODUCTS_DIR)/Stormy.app/Stormy";
			};
			name = Debug;
		};
		5745F3B31A83261000830D18 /* Release */ = {
			isa = XCBuildConfiguration;
			buildSettings = {
				BUNDLE_LOADER = "$(TEST_HOST)";
				FRAMEWORK_SEARCH_PATHS = (
					"$(SDKROOT)/Developer/Library/Frameworks",
					"$(inherited)",
				);
				INFOPLIST_FILE = StormyTests/Info.plist;
				LD_RUNPATH_SEARCH_PATHS = "$(inherited) @executable_path/Frameworks @loader_path/Frameworks";
				PRODUCT_NAME = "$(TARGET_NAME)";
				TEST_HOST = "$(BUILT_PRODUCTS_DIR)/Stormy.app/Stormy";
			};
			name = Release;
		};
/* End XCBuildConfiguration section */

/* Begin XCConfigurationList section */
		5745F38A1A83261000830D18 /* Build configuration list for PBXProject "Stormy" */ = {
			isa = XCConfigurationList;
			buildConfigurations = (
				5745F3AC1A83261000830D18 /* Debug */,
				5745F3AD1A83261000830D18 /* Release */,
			);
			defaultConfigurationIsVisible = 0;
			defaultConfigurationName = Release;
		};
		5745F3AE1A83261000830D18 /* Build configuration list for PBXNativeTarget "Stormy" */ = {
			isa = XCConfigurationList;
			buildConfigurations = (
				5745F3AF1A83261000830D18 /* Debug */,
				5745F3B01A83261000830D18 /* Release */,
			);
			defaultConfigurationIsVisible = 0;
			defaultConfigurationName = Release;
		};
		5745F3B11A83261000830D18 /* Build configuration list for PBXNativeTarget "StormyTests" */ = {
			isa = XCConfigurationList;
			buildConfigurations = (
				5745F3B21A83261000830D18 /* Debug */,
				5745F3B31A83261000830D18 /* Release */,
			);
			defaultConfigurationIsVisible = 0;
			defaultConfigurationName = Release;
		};
/* End XCConfigurationList section */
	};
	rootObject = 5745F3871A83261000830D18 /* Project object */;
}
